{
  "name": "src",
  "version": "1.0.0",
  "lockfileVersion": 1,
  "requires": true,
  "dependencies": {
    "debounce": {
      "version": "1.2.0",
      "resolved": "https://registry.npmjs.org/debounce/-/debounce-1.2.0.tgz",
      "integrity": "sha512-mYtLl1xfZLi1m4RtQYlZgJUNQjl4ZxVnHzIR8nLLgi4q1YT8o/WM+MK/f8yfcc9s5Ir5zRaPZyZU6xs1Syoocg=="
    },
    "font-color-contrast": {
      "version": "1.0.3",
      "resolved": "https://registry.npmjs.org/font-color-contrast/-/font-color-contrast-1.0.3.tgz",
      "integrity": "sha1-d9iP+Xxr0JXPqd/rRGJLqK1xe2w="
    },
    "hello-bar": {
      "version": "1.4.0",
      "resolved": "https://registry.npmjs.org/hello-bar/-/hello-bar-1.4.0.tgz",
      "integrity": "sha512-+Ay5ZZQw/7sjc7akoP4mxfxZ6kxqJe1p1uCuqdR0epZexKj8vlS0WKEdqDE2cOULsnFJaa62s1Z8C83cEmskbg==",
      "requires": {
        "debounce": "^1.2.0",
        "font-color-contrast": "^1.0.3"
      }
    }
  }
}
